
Microsoft Visual Studio Solution File, Format Version 12.00
# Visual Studio 2017
Project("{FAE04EC0-301F-11D3-BF4B-00C04F79EFBC}") = "Outlast", "Outlast.csproj", "{53EFD9A5-A060-98A5-7ED9-713CBBD330DA}"
EndProject
Project("{FAE04EC0-301F-11D3-BF4B-00C04F79EFBC}") = "Outlast.Editor", "Outlast.Editor.csproj", "{C792FE21-D6E4-CE59-5AA0-263496605CDB}"
EndProject
Global
	GlobalSection(SolutionConfigurationPlatforms) = preSolution
		Debug|Any CPU = Debug|Any CPU
		Release|Any CPU = Release|Any CPU
	EndGlobalSection
	GlobalSection(ProjectConfigurationPlatforms) = postSolution
		{53EFD9A5-A060-98A5-7ED9-713CBBD330DA}.Debug|Any CPU.ActiveCfg = Debug|Any CPU
		{53EFD9A5-A060-98A5-7ED9-713CBBD330DA}.Debug|Any CPU.Build.0 = Debug|Any CPU
		{53EFD9A5-A060-98A5-7ED9-713CBBD330DA}.Release|Any CPU.ActiveCfg = Release|Any CPU
		{53EFD9A5-A060-98A5-7ED9-713CBBD330DA}.Release|Any CPU.Build.0 = Release|Any CPU
		{C792FE21-D6E4-CE59-5AA0-263496605CDB}.Debug|Any CPU.ActiveCfg = Debug|Any CPU
		{C792FE21-D6E4-CE59-5AA0-263496605CDB}.Debug|Any CPU.Build.0 = Debug|Any CPU
		{C792FE21-D6E4-CE59-5AA0-263496605CDB}.Release|Any CPU.ActiveCfg = Release|Any CPU
		{C792FE21-D6E4-CE59-5AA0-263496605CDB}.Release|Any CPU.Build.0 = Release|Any CPU
	EndGlobalSection
	GlobalSection(SolutionProperties) = preSolution
		HideSolutionNode = FALSE
	EndGlobalSection
EndGlobal
